# This file is autogenerated, do not edit; changes may be undone by the next 'dep ensure'.


[[projects]]
  branch = "master"
  name = "github.com/lomik/go-tnt"
  packages = ["."]
  revision = "1fe9269cbd180aae7d6ab64c1a16b3e48f0c174e"

[solve-meta]
  analyzer-name = "dep"
  analyzer-version = 1
  inputs-digest = "4003858a6ded7abc6c642c64cce9b8db56f2bc5e7a377e5d6165f167205f5921"
  solver-name = "gps-cdcl"
  solver-version = 1
